
Microsoft Visual Studio Solution File, Format Version 12.00
# Visual Studio Version 17
VisualStudioVersion = 17.8.34322.80
MinimumVisualStudioVersion = 10.0.40219.1
Project("{9A19103F-16F7-4668-BE54-9A1E7A4F7556}") = "ToDoListApi", "ToDoListApi\ToDoListApi.csproj", "{E9BB5364-811B-4473-8C40-E564F501F2A3}"
EndProject
Project("{FAE04EC0-301F-11D3-BF4B-00C04F79EFBC}") = "ToDoList", "ToDoList\ToDoList.csproj", "{405BCE9B-445E-45DA-B0E4-542E70F04766}"
EndProject
Global
	GlobalSection(SolutionConfigurationPlatforms) = preSolution
		Debug|Any CPU = Debug|Any CPU
		Release|Any CPU = Release|Any CPU
	EndGlobalSection
	GlobalSection(ProjectConfigurationPlatforms) = postSolution
		{E9BB5364-811B-4473-8C40-E564F501F2A3}.Debug|Any CPU.ActiveCfg = Debug|Any CPU
		{E9BB5364-811B-4473-8C40-E564F501F2A3}.Debug|Any CPU.Build.0 = Debug|Any CPU
		{E9BB5364-811B-4473-8C40-E564F501F2A3}.Release|Any CPU.ActiveCfg = Release|Any CPU
		{E9BB5364-811B-4473-8C40-E564F501F2A3}.Release|Any CPU.Build.0 = Release|Any CPU
		{405BCE9B-445E-45DA-B0E4-542E70F04766}.Debug|Any CPU.ActiveCfg = Debug|Any CPU
		{405BCE9B-445E-45DA-B0E4-542E70F04766}.Debug|Any CPU.Build.0 = Debug|Any CPU
		{405BCE9B-445E-45DA-B0E4-542E70F04766}.Release|Any CPU.ActiveCfg = Release|Any CPU
		{405BCE9B-445E-45DA-B0E4-542E70F04766}.Release|Any CPU.Build.0 = Release|Any CPU
	EndGlobalSection
	GlobalSection(SolutionProperties) = preSolution
		HideSolutionNode = FALSE
	EndGlobalSection
	GlobalSection(ExtensibilityGlobals) = postSolution
		SolutionGuid = {86DC7667-628A-4C95-B1C2-024F5893487D}
	EndGlobalSection
EndGlobal
